{
  "lib/forge-std": {
    "rev": "1cefc0e4e3d2a1f604c654004c90bd6701b2b5e2"
  },
  "lib/permit2": {
    "rev": "cc56ad0f3439c502c246fc5cfcc3db92bb8b7219"
  },
  "lib/universal-router": {
    "tag": {
      "name": "v1.6.0",
      "rev": "41183d6eb154f0ab0e74a0e911a5ef9ea51fc4bd"
    }
  },
  "lib/v4-periphery": {
    "rev": "3779387e5d296f39df543d23524b050f89a62917"
  },
  "lib/v4-pool-extensions": {
    "rev": "af0fe18542e01ff65e6d71f68f77fad3846a3055"
  }
}